{
  "name": "roland_site",
  "lockfileVersion": 3,
  "requires": true,
  "packages": {
    "": {
      "dependencies": {
        "@codemirror/autocomplete": "^6.7.1",
        "@codemirror/commands": "^6.2.4",
        "@codemirror/lang-wast": "^6.0.1",
        "@codemirror/search": "^6.5.0",
        "@codemirror/state": "^6.2.1",
        "@codemirror/view": "^6.13.0",
        "@rollup/plugin-node-resolve": "^15.1.0",
        "@rollup/plugin-terser": "^0.4.3",
        "minify": "^10.2.0",
        "rollup": "^3.24.1"
      }
    },
    "node_modules/@codemirror/autocomplete": {
      "version": "6.18.6",
      "resolved": "https://registry.npmjs.org/@codemirror/autocomplete/-/autocomplete-6.18.6.tgz",
      "integrity": "sha512-PHHBXFomUs5DF+9tCOM/UoW6XQ4R44lLNNhRaW9PKPTU0D7lIjRg3ElxaJnTwsl/oHiR93WSXDBrekhoUGCPtg==",
      "license": "MIT",
      "dependencies": {
        "@codemirror/language": "^6.0.0",
        "@codemirror/state": "^6.0.0",
        "@codemirror/view": "^6.17.0",
        "@lezer/common": "^1.0.0"
      }
    },
    "node_modules/@codemirror/commands": {
      "version": "6.8.0",
      "resolved": "https://registry.npmjs.org/@codemirror/commands/-/commands-6.8.0.tgz",
      "integrity": "sha512-q8VPEFaEP4ikSlt6ZxjB3zW72+7osfAYW9i8Zu943uqbKuz6utc1+F170hyLUCUltXORjQXRyYQNfkckzA/bPQ==",
      "license": "MIT",
      "dependencies": {
        "@codemirror/language": "^6.0.0",
        "@codemirror/state": "^6.4.0",
        "@codemirror/view": "^6.27.0",
        "@lezer/common": "^1.1.0"
      }
    },
    "node_modules/@codemirror/lang-wast": {
      "version": "6.0.2",
      "resolved": "https://registry.npmjs.org/@codemirror/lang-wast/-/lang-wast-6.0.2.tgz",
      "integrity": "sha512-Imi2KTpVGm7TKuUkqyJ5NRmeFWF7aMpNiwHnLQe0x9kmrxElndyH0K6H/gXtWwY6UshMRAhpENsgfpSwsgmC6Q==",
      "license": "MIT",
      "dependencies": {
        "@codemirror/language": "^6.0.0",
        "@lezer/common": "^1.2.0",
        "@lezer/highlight": "^1.0.0",
        "@lezer/lr": "^1.0.0"
      }
    },
    "node_modules/@codemirror/language": {
      "version": "6.10.8",
      "resolved": "https://registry.npmjs.org/@codemirror/language/-/language-6.10.8.tgz",
      "integrity": "sha512-wcP8XPPhDH2vTqf181U8MbZnW+tDyPYy0UzVOa+oHORjyT+mhhom9vBd7dApJwoDz9Nb/a8kHjJIsuA/t8vNFw==",
      "license": "MIT",
      "dependencies": {
        "@codemirror/state": "^6.0.0",
        "@codemirror/view": "^6.23.0",
        "@lezer/common": "^1.1.0",
        "@lezer/highlight": "^1.0.0",
        "@lezer/lr": "^1.0.0",
        "style-mod": "^4.0.0"
      }
    },
    "node_modules/@codemirror/search": {
      "version": "6.5.9",
      "resolved": "https://registry.npmjs.org/@codemirror/search/-/search-6.5.9.tgz",
      "integrity": "sha512-7DdQ9aaZMMxuWB1u6IIFWWuK9NocVZwvo4nG8QjJTS6oZGvteoLSiXw3EbVZVlO08Ri2ltO89JVInMpfcJxhtg==",
      "license": "MIT",
      "dependencies": {
        "@codemirror/state": "^6.0.0",
        "@codemirror/view": "^6.0.0",
        "crelt": "^1.0.5"
      }
    },
    "node_modules/@codemirror/state": {
      "version": "6.5.2",
      "resolved": "https://registry.npmjs.org/@codemirror/state/-/state-6.5.2.tgz",
      "integrity": "sha512-FVqsPqtPWKVVL3dPSxy8wEF/ymIEuVzF1PK3VbUgrxXpJUSHQWWZz4JMToquRxnkw+36LTamCZG2iua2Ptq0fA==",
      "license": "MIT",
      "dependencies": {
        "@marijn/find-cluster-break": "^1.0.0"
      }
    },
    "node_modules/@codemirror/view": {
      "version": "6.36.3",
      "resolved": "https://registry.npmjs.org/@codemirror/view/-/view-6.36.3.tgz",
      "integrity": "sha512-N2bilM47QWC8Hnx0rMdDxO2x2ImJ1FvZWXubwKgjeoOrWwEiFrtpA7SFHcuZ+o2Ze2VzbkgbzWVj4+V18LVkeg==",
      "license": "MIT",
      "dependencies": {
        "@codemirror/state": "^6.5.0",
        "style-mod": "^4.1.0",
        "w3c-keyname": "^2.2.4"
      }
    },
    "node_modules/@jridgewell/gen-mapping": {
      "version": "0.3.8",
      "resolved": "https://registry.npmjs.org/@jridgewell/gen-mapping/-/gen-mapping-0.3.8.tgz",
      "integrity": "sha512-imAbBGkb+ebQyxKgzv5Hu2nmROxoDOXHh80evxdoXNOrvAnVx7zimzc1Oo5h9RlfV4vPXaE2iM5pOFbvOCClWA==",
      "license": "MIT",
      "dependencies": {
        "@jridgewell/set-array": "^1.2.1",
        "@jridgewell/sourcemap-codec": "^1.4.10",
        "@jridgewell/trace-mapping": "^0.3.24"
      },
      "engines": {
        "node": ">=6.0.0"
      }
    },
    "node_modules/@jridgewell/resolve-uri": {
      "version": "3.1.2",
      "resolved": "https://registry.npmjs.org/@jridgewell/resolve-uri/-/resolve-uri-3.1.2.tgz",
      "integrity": "sha512-bRISgCIjP20/tbWSPWMEi54QVPRZExkuD9lJL+UIxUKtwVJA8wW1Trb1jMs1RFXo1CBTNZ/5hpC9QvmKWdopKw==",
      "license": "MIT",
      "engines": {
        "node": ">=6.0.0"
      }
    },
    "node_modules/@jridgewell/set-array": {
      "version": "1.2.1",
      "resolved": "https://registry.npmjs.org/@jridgewell/set-array/-/set-array-1.2.1.tgz",
      "integrity": "sha512-R8gLRTZeyp03ymzP/6Lil/28tGeGEzhx1q2k703KGWRAI1VdvPIXdG70VJc2pAMw3NA6JKL5hhFu1sJX0Mnn/A==",
      "license": "MIT",
      "engines": {
        "node": ">=6.0.0"
      }
    },
    "node_modules/@jridgewell/source-map": {
      "version": "0.3.6",
      "resolved": "https://registry.npmjs.org/@jridgewell/source-map/-/source-map-0.3.6.tgz",
      "integrity": "sha512-1ZJTZebgqllO79ue2bm3rIGud/bOe0pP5BjSRCRxxYkEZS8STV7zN84UBbiYu7jy+eCKSnVIUgoWWE/tt+shMQ==",
      "license": "MIT",
      "dependencies": {
        "@jridgewell/gen-mapping": "^0.3.5",
        "@jridgewell/trace-mapping": "^0.3.25"
      }
    },
    "node_modules/@jridgewell/sourcemap-codec": {
      "version": "1.5.0",
      "resolved": "https://registry.npmjs.org/@jridgewell/sourcemap-codec/-/sourcemap-codec-1.5.0.tgz",
      "integrity": "sha512-gv3ZRaISU3fjPAgNsriBRqGWQL6quFx04YMPW/zD8XMLsU32mhCCbfbO6KZFLjvYpCZ8zyDEgqsgf+PwPaM7GQ==",
      "license": "MIT"
    },
    "node_modules/@jridgewell/trace-mapping": {
      "version": "0.3.25",
      "resolved": "https://registry.npmjs.org/@jridgewell/trace-mapping/-/trace-mapping-0.3.25.tgz",
      "integrity": "sha512-vNk6aEwybGtawWmy/PzwnGDOjCkLWSD2wqvjGGAgOAwCGWySYXfYoxt00IJkTF+8Lb57DwOb3Aa0o9CApepiYQ==",
      "license": "MIT",
      "dependencies": {
        "@jridgewell/resolve-uri": "^3.1.0",
        "@jridgewell/sourcemap-codec": "^1.4.14"
      }
    },
    "node_modules/@lezer/common": {
      "version": "1.2.3",
      "resolved": "https://registry.npmjs.org/@lezer/common/-/common-1.2.3.tgz",
      "integrity": "sha512-w7ojc8ejBqr2REPsWxJjrMFsA/ysDCFICn8zEOR9mrqzOu2amhITYuLD8ag6XZf0CFXDrhKqw7+tW8cX66NaDA==",
      "license": "MIT"
    },
    "node_modules/@lezer/highlight": {
      "version": "1.2.1",
      "resolved": "https://registry.npmjs.org/@lezer/highlight/-/highlight-1.2.1.tgz",
      "integrity": "sha512-Z5duk4RN/3zuVO7Jq0pGLJ3qynpxUVsh7IbUbGj88+uV2ApSAn6kWg2au3iJb+0Zi7kKtqffIESgNcRXWZWmSA==",
      "license": "MIT",
      "dependencies": {
        "@lezer/common": "^1.0.0"
      }
    },
    "node_modules/@lezer/lr": {
      "version": "1.4.2",
      "resolved": "https://registry.npmjs.org/@lezer/lr/-/lr-1.4.2.tgz",
      "integrity": "sha512-pu0K1jCIdnQ12aWNaAVU5bzi7Bd1w54J3ECgANPmYLtQKP0HBj2cE/5coBD66MT10xbtIuUr7tg0Shbsvk0mDA==",
      "license": "MIT",
      "dependencies": {
        "@lezer/common": "^1.0.0"
      }
    },
    "node_modules/@marijn/find-cluster-break": {
      "version": "1.0.2",
      "resolved": "https://registry.npmjs.org/@marijn/find-cluster-break/-/find-cluster-break-1.0.2.tgz",
      "integrity": "sha512-l0h88YhZFyKdXIFNfSWpyjStDjGHwZ/U7iobcK1cQQD8sejsONdQtTVU+1wVN1PBw40PiiHB1vA5S7VTfQiP9g==",
      "license": "MIT"
    },
    "node_modules/@putout/minify": {
      "version": "2.11.0",
      "resolved": "https://registry.npmjs.org/@putout/minify/-/minify-2.11.0.tgz",
      "integrity": "sha512-HNOICCQIwKqjz9MZxQimWI8c3PvoehY4qlg5N5/tCWT+JJfZQUiRWQgm6RQ9rP85ReoSO20HShH22naVMpbFog==",
      "license": "MIT",
      "engines": {
        "node": ">=16"
      }
    },
    "node_modules/@rollup/plugin-node-resolve": {
      "version": "15.3.1",
      "resolved": "https://registry.npmjs.org/@rollup/plugin-node-resolve/-/plugin-node-resolve-15.3.1.tgz",
      "integrity": "sha512-tgg6b91pAybXHJQMAAwW9VuWBO6Thi+q7BCNARLwSqlmsHz0XYURtGvh/AuwSADXSI4h/2uHbs7s4FzlZDGSGA==",
      "license": "MIT",
      "dependencies": {
        "@rollup/pluginutils": "^5.0.1",
        "@types/resolve": "1.20.2",
        "deepmerge": "^4.2.2",
        "is-module": "^1.0.0",
        "resolve": "^1.22.1"
      },
      "engines": {
        "node": ">=14.0.0"
      },
      "peerDependencies": {
        "rollup": "^2.78.0||^3.0.0||^4.0.0"
      },
      "peerDependenciesMeta": {
        "rollup": {
          "optional": true
        }
      }
    },
    "node_modules/@rollup/plugin-terser": {
      "version": "0.4.4",
      "resolved": "https://registry.npmjs.org/@rollup/plugin-terser/-/plugin-terser-0.4.4.tgz",
      "integrity": "sha512-XHeJC5Bgvs8LfukDwWZp7yeqin6ns8RTl2B9avbejt6tZqsqvVoWI7ZTQrcNsfKEDWBTnTxM8nMDkO2IFFbd0A==",
      "license": "MIT",
      "dependencies": {
        "serialize-javascript": "^6.0.1",
        "smob": "^1.0.0",
        "terser": "^5.17.4"
      },
      "engines": {
        "node": ">=14.0.0"
      },
      "peerDependencies": {
        "rollup": "^2.0.0||^3.0.0||^4.0.0"
      },
      "peerDependenciesMeta": {
        "rollup": {
          "optional": true
        }
      }
    },
    "node_modules/@rollup/pluginutils": {
      "version": "5.1.4",
      "resolved": "https://registry.npmjs.org/@rollup/pluginutils/-/pluginutils-5.1.4.tgz",
      "integrity": "sha512-USm05zrsFxYLPdWWq+K3STlWiT/3ELn3RcV5hJMghpeAIhxfsUIg6mt12CBJBInWMV4VneoV7SfGv8xIwo2qNQ==",
      "license": "MIT",
      "dependencies": {
        "@types/estree": "^1.0.0",
        "estree-walker": "^2.0.2",
        "picomatch": "^4.0.2"
      },
      "engines": {
        "node": ">=14.0.0"
      },
      "peerDependencies": {
        "rollup": "^1.20.0||^2.0.0||^3.0.0||^4.0.0"
      },
      "peerDependenciesMeta": {
        "rollup": {
          "optional": true
        }
      }
    },
    "node_modules/@types/estree": {
      "version": "1.0.6",
      "resolved": "https://registry.npmjs.org/@types/estree/-/estree-1.0.6.tgz",
      "integrity": "sha512-AYnb1nQyY49te+VRAVgmzfcgjYS91mY5P0TKUDCLEM+gNnA+3T6rWITXRLYCpahpqSQbN5cE+gHpnPyXjHWxcw==",
      "license": "MIT"
    },
    "node_modules/@types/resolve": {
      "version": "1.20.2",
      "resolved": "https://registry.npmjs.org/@types/resolve/-/resolve-1.20.2.tgz",
      "integrity": "sha512-60BCwRFOZCQhDncwQdxxeOEEkbc5dIMccYLwbxsS4TUNeVECQ/pBJ0j09mrHOl/JJvpRPGwO9SvE4nR2Nb/a4Q==",
      "license": "MIT"
    },
    "node_modules/acorn": {
      "version": "8.14.0",
      "resolved": "https://registry.npmjs.org/acorn/-/acorn-8.14.0.tgz",
      "integrity": "sha512-cl669nCJTZBsL97OF4kUQm5g5hC2uihk0NxY3WENAC0TYdILVkAyHymAntgxGkl7K+t0cXIrH5siy5S4XkFycA==",
      "license": "MIT",
      "bin": {
        "acorn": "bin/acorn"
      },
      "engines": {
        "node": ">=0.4.0"
      }
    },
    "node_modules/buffer-from": {
      "version": "1.1.2",
      "resolved": "https://registry.npmjs.org/buffer-from/-/buffer-from-1.1.2.tgz",
      "integrity": "sha512-E+XQCRwSbaaiChtv6k6Dwgc+bx+Bs6vuKJHHl5kox/BaKbhiXzqQOwK4cO22yElGp2OCmjwVhT3HmxgyPGnJfQ==",
      "license": "MIT"
    },
    "node_modules/camel-case": {
      "version": "4.1.2",
      "resolved": "https://registry.npmjs.org/camel-case/-/camel-case-4.1.2.tgz",
      "integrity": "sha512-gxGWBrTT1JuMx6R+o5PTXMmUnhnVzLQ9SNutD4YqKtI6ap897t3tKECYla6gCWEkplXnlNybEkZg9GEGxKFCgw==",
      "license": "MIT",
      "dependencies": {
        "pascal-case": "^3.1.2",
        "tslib": "^2.0.3"
      }
    },
    "node_modules/clean-css": {
      "version": "5.3.3",
      "resolved": "https://registry.npmjs.org/clean-css/-/clean-css-5.3.3.tgz",
      "integrity": "sha512-D5J+kHaVb/wKSFcyyV75uCn8fiY4sV38XJoe4CUyGQ+mOU/fMVYUdH1hJC+CJQ5uY3EnW27SbJYS4X8BiLrAFg==",
      "license": "MIT",
      "dependencies": {
        "source-map": "~0.6.0"
      },
      "engines": {
        "node": ">= 10.0"
      }
    },
    "node_modules/commander": {
      "version": "10.0.1",
      "resolved": "https://registry.npmjs.org/commander/-/commander-10.0.1.tgz",
      "integrity": "sha512-y4Mg2tXshplEbSGzx7amzPwKKOCGuoSRP/CjEdwwk0FOGlUbq6lKuoyDZTNZkmxHdJtp54hdfY/JUrdL7Xfdug==",
      "license": "MIT",
      "engines": {
        "node": ">=14"
      }
    },
    "node_modules/crelt": {
      "version": "1.0.6",
      "resolved": "https://registry.npmjs.org/crelt/-/crelt-1.0.6.tgz",
      "integrity": "sha512-VQ2MBenTq1fWZUH9DJNGti7kKv6EeAuYr3cLwxUWhIu1baTaXh4Ib5W2CqHVqib4/MqbYGJqiL3Zb8GJZr3l4g==",
      "license": "MIT"
    },
    "node_modules/css-b64-images": {
      "version": "0.2.5",
      "resolved": "https://registry.npmjs.org/css-b64-images/-/css-b64-images-0.2.5.tgz",
      "integrity": "sha512-TgQBEdP07adhrDfXvI5o6bHGukKBNMzp2Ngckc/6d09zpjD2gc1Hl3Ca1CKgb8FXjHi88+Phv2Uegs2kTL4zjg==",
      "bin": {
        "css-b64-images": "bin/css-b64-images"
      },
      "engines": {
        "node": "*"
      }
    },
    "node_modules/debug": {
      "version": "4.4.0",
      "resolved": "https://registry.npmjs.org/debug/-/debug-4.4.0.tgz",
      "integrity": "sha512-6WTZ/IxCY/T6BALoZHaE4ctp9xm+Z5kY/pzYaCHRFeyVhojxlrm+46y68HA6hr0TcwEssoxNiDEUJQjfPZ/RYA==",
      "license": "MIT",
      "dependencies": {
        "ms": "^2.1.3"
      },
      "engines": {
        "node": ">=6.0"
      },
      "peerDependenciesMeta": {
        "supports-color": {
          "optional": true
        }
      }
    },
    "node_modules/deepmerge": {
      "version": "4.3.1",
      "resolved": "https://registry.npmjs.org/deepmerge/-/deepmerge-4.3.1.tgz",
      "integrity": "sha512-3sUqbMEc77XqpdNO7FRyRog+eW3ph+GYCbj+rK+uYyRMuwsVy0rMiVtPn+QJlKFvWP/1PYpapqYn0Me2knFn+A==",
      "license": "MIT",
      "engines": {
        "node": ">=0.10.0"
      }
    },
    "node_modules/dot-case": {
      "version": "3.0.4",
      "resolved": "https://registry.npmjs.org/dot-case/-/dot-case-3.0.4.tgz",
      "integrity": "sha512-Kv5nKlh6yRrdrGvxeJ2e5y2eRUpkUosIW4A2AS38zwSz27zu7ufDwQPi5Jhs3XAlGNetl3bmnGhQsMtkKJnj3w==",
      "license": "MIT",
      "dependencies": {
        "no-case": "^3.0.4",
        "tslib": "^2.0.3"
      }
    },
    "node_modules/entities": {
      "version": "4.5.0",
      "resolved": "https://registry.npmjs.org/entities/-/entities-4.5.0.tgz",
      "integrity": "sha512-V0hjH4dGPh9Ao5p0MoRY6BVqtwCjhz6vI5LT8AJ55H+4g9/4vbHx1I54fS0XuclLhDHArPQCiMjDxjaL8fPxhw==",
      "license": "BSD-2-Clause",
      "engines": {
        "node": ">=0.12"
      },
      "funding": {
        "url": "https://github.com/fb55/entities?sponsor=1"
      }
    },
    "node_modules/estree-walker": {
      "version": "2.0.2",
      "resolved": "https://registry.npmjs.org/estree-walker/-/estree-walker-2.0.2.tgz",
      "integrity": "sha512-Rfkk/Mp/DL7JVje3u18FxFujQlTNR2q6QfMSMB7AvCBx91NGj/ba3kCfza0f6dVDbw7YlRf/nDrn7pQrCCyQ/w==",
      "license": "MIT"
    },
    "node_modules/find-up": {
      "version": "6.3.0",
      "resolved": "https://registry.npmjs.org/find-up/-/find-up-6.3.0.tgz",
      "integrity": "sha512-v2ZsoEuVHYy8ZIlYqwPe/39Cy+cFDzp4dXPaxNvkEuouymu+2Jbz0PxpKarJHYJTmv2HWT3O382qY8l4jMWthw==",
      "license": "MIT",
      "dependencies": {
        "locate-path": "^7.1.0",
        "path-exists": "^5.0.0"
      },
      "engines": {
        "node": "^12.20.0 || ^14.13.1 || >=16.0.0"
      },
      "funding": {
        "url": "https://github.com/sponsors/sindresorhus"
      }
    },
    "node_modules/fsevents": {
      "version": "2.3.3",
      "resolved": "https://registry.npmjs.org/fsevents/-/fsevents-2.3.3.tgz",
      "integrity": "sha512-5xoDfX+fL7faATnagmWPpbFtwh/R77WmMMqqHGS65C3vvB0YHrgF+B1YmZ3441tMj5n63k0212XNoJwzlhffQw==",
      "hasInstallScript": true,
      "license": "MIT",
      "optional": true,
      "os": [
        "darwin"
      ],
      "engines": {
        "node": "^8.16.0 || ^10.6.0 || >=11.0.0"
      }
    },
    "node_modules/function-bind": {
      "version": "1.1.2",
      "resolved": "https://registry.npmjs.org/function-bind/-/function-bind-1.1.2.tgz",
      "integrity": "sha512-7XHNxH7qX9xG5mIwxkhumTox/MIRNcOgDrxWsMt2pAr23WHp6MrRlN7FBSFpCpr+oVO0F744iUgR82nJMfG2SA==",
      "license": "MIT",
      "funding": {
        "url": "https://github.com/sponsors/ljharb"
      }
    },
    "node_modules/hasown": {
      "version": "2.0.2",
      "resolved": "https://registry.npmjs.org/hasown/-/hasown-2.0.2.tgz",
      "integrity": "sha512-0hJU9SCPvmMzIBdZFqNPXWa6dqh7WdH0cII9y+CyS8rG3nL48Bclra9HmKhVVUHyPWNH5Y7xDwAB7bfgSjkUMQ==",
      "license": "MIT",
      "dependencies": {
        "function-bind": "^1.1.2"
      },
      "engines": {
        "node": ">= 0.4"
      }
    },
    "node_modules/html-minifier-terser": {
      "version": "7.2.0",
      "resolved": "https://registry.npmjs.org/html-minifier-terser/-/html-minifier-terser-7.2.0.tgz",
      "integrity": "sha512-tXgn3QfqPIpGl9o+K5tpcj3/MN4SfLtsx2GWwBC3SSd0tXQGyF3gsSqad8loJgKZGM3ZxbYDd5yhiBIdWpmvLA==",
      "license": "MIT",
      "dependencies": {
        "camel-case": "^4.1.2",
        "clean-css": "~5.3.2",
        "commander": "^10.0.0",
        "entities": "^4.4.0",
        "param-case": "^3.0.4",
        "relateurl": "^0.2.7",
        "terser": "^5.15.1"
      },
      "bin": {
        "html-minifier-terser": "cli.js"
      },
      "engines": {
        "node": "^14.13.1 || >=16.0.0"
      }
    },
    "node_modules/is-core-module": {
      "version": "2.16.1",
      "resolved": "https://registry.npmjs.org/is-core-module/-/is-core-module-2.16.1.tgz",
      "integrity": "sha512-UfoeMA6fIJ8wTYFEUjelnaGI67v6+N7qXJEvQuIGa99l4xsCruSYOVSQ0uPANn4dAzm8lkYPaKLrrijLq7x23w==",
      "license": "MIT",
      "dependencies": {
        "hasown": "^2.0.2"
      },
      "engines": {
        "node": ">= 0.4"
      },
      "funding": {
        "url": "https://github.com/sponsors/ljharb"
      }
    },
    "node_modules/is-module": {
      "version": "1.0.0",
      "resolved": "https://registry.npmjs.org/is-module/-/is-module-1.0.0.tgz",
      "integrity": "sha512-51ypPSPCoTEIN9dy5Oy+h4pShgJmPCygKfyRCISBI+JoWT/2oJvK8QPxmwv7b/p239jXrm9M1mlQbyKJ5A152g==",
      "license": "MIT"
    },
    "node_modules/jju": {
      "version": "1.4.0",
      "resolved": "https://registry.npmjs.org/jju/-/jju-1.4.0.tgz",
      "integrity": "sha512-8wb9Yw966OSxApiCt0K3yNJL8pnNeIv+OEq2YMidz4FKP6nonSRoOXc80iXY4JaN2FC11B9qsNmDsm+ZOfMROA==",
      "license": "MIT"
    },
    "node_modules/locate-path": {
      "version": "7.2.0",
      "resolved": "https://registry.npmjs.org/locate-path/-/locate-path-7.2.0.tgz",
      "integrity": "sha512-gvVijfZvn7R+2qyPX8mAuKcFGDf6Nc61GdvGafQsHL0sBIxfKzA+usWn4GFC/bk+QdwPUD4kWFJLhElipq+0VA==",
      "license": "MIT",
      "dependencies": {
        "p-locate": "^6.0.0"
      },
      "engines": {
        "node": "^12.20.0 || ^14.13.1 || >=16.0.0"
      },
      "funding": {
        "url": "https://github.com/sponsors/sindresorhus"
      }
    },
    "node_modules/lower-case": {
      "version": "2.0.2",
      "resolved": "https://registry.npmjs.org/lower-case/-/lower-case-2.0.2.tgz",
      "integrity": "sha512-7fm3l3NAF9WfN6W3JOmf5drwpVqX78JtoGJ3A6W0a6ZnldM41w2fV5D490psKFTpMds8TJse/eHLFFsNHHjHgg==",
      "license": "MIT",
      "dependencies": {
        "tslib": "^2.0.3"
      }
    },
    "node_modules/minify": {
      "version": "10.5.2",
      "resolved": "https://registry.npmjs.org/minify/-/minify-10.5.2.tgz",
      "integrity": "sha512-/7aNrZ7kMe43o0NQUftL/H9QBi15FYEUo7tnw0Nrcc+XsmNS6nP4cIL4iqrNzSzv1rUaHLBxpmYbETKT9dKZiQ==",
      "license": "MIT",
      "dependencies": {
        "@putout/minify": "^2.0.0",
        "clean-css": "^5.0.1",
        "css-b64-images": "~0.2.5",
        "debug": "^4.1.0",
        "find-up": "^6.1.0",
        "html-minifier-terser": "^7.1.0",
        "readjson": "^2.2.2",
        "simport": "^1.2.0",
        "try-catch": "^3.0.0",
        "try-to-catch": "^3.0.0"
      },
      "bin": {
        "minify": "bin/minify.js"
      },
      "engines": {
        "node": ">=16"
      }
    },
    "node_modules/ms": {
      "version": "2.1.3",
      "resolved": "https://registry.npmjs.org/ms/-/ms-2.1.3.tgz",
      "integrity": "sha512-6FlzubTLZG3J2a/NVCAleEhjzq5oxgHyaCU9yYXvcLsvoVaHJq/s5xXI6/XXP6tz7R9xAOtHnSO/tXtF3WRTlA==",
      "license": "MIT"
    },
    "node_modules/no-case": {
      "version": "3.0.4",
      "resolved": "https://registry.npmjs.org/no-case/-/no-case-3.0.4.tgz",
      "integrity": "sha512-fgAN3jGAh+RoxUGZHTSOLJIqUc2wmoBwGR4tbpNAKmmovFoWq0OdRkb0VkldReO2a2iBT/OEulG9XSUc10r3zg==",
      "license": "MIT",
      "dependencies": {
        "lower-case": "^2.0.2",
        "tslib": "^2.0.3"
      }
    },
    "node_modules/p-limit": {
      "version": "4.0.0",
      "resolved": "https://registry.npmjs.org/p-limit/-/p-limit-4.0.0.tgz",
      "integrity": "sha512-5b0R4txpzjPWVw/cXXUResoD4hb6U/x9BH08L7nw+GN1sezDzPdxeRvpc9c433fZhBan/wusjbCsqwqm4EIBIQ==",
      "license": "MIT",
      "dependencies": {
        "yocto-queue": "^1.0.0"
      },
      "engines": {
        "node": "^12.20.0 || ^14.13.1 || >=16.0.0"
      },
      "funding": {
        "url": "https://github.com/sponsors/sindresorhus"
      }
    },
    "node_modules/p-locate": {
      "version": "6.0.0",
      "resolved": "https://registry.npmjs.org/p-locate/-/p-locate-6.0.0.tgz",
      "integrity": "sha512-wPrq66Llhl7/4AGC6I+cqxT07LhXvWL08LNXz1fENOw0Ap4sRZZ/gZpTTJ5jpurzzzfS2W/Ge9BY3LgLjCShcw==",
      "license": "MIT",
      "dependencies": {
        "p-limit": "^4.0.0"
      },
      "engines": {
        "node": "^12.20.0 || ^14.13.1 || >=16.0.0"
      },
      "funding": {
        "url": "https://github.com/sponsors/sindresorhus"
      }
    },
    "node_modules/param-case": {
      "version": "3.0.4",
      "resolved": "https://registry.npmjs.org/param-case/-/param-case-3.0.4.tgz",
      "integrity": "sha512-RXlj7zCYokReqWpOPH9oYivUzLYZ5vAPIfEmCTNViosC78F8F0H9y7T7gG2M39ymgutxF5gcFEsyZQSph9Bp3A==",
      "license": "MIT",
      "dependencies": {
        "dot-case": "^3.0.4",
        "tslib": "^2.0.3"
      }
    },
    "node_modules/pascal-case": {
      "version": "3.1.2",
      "resolved": "https://registry.npmjs.org/pascal-case/-/pascal-case-3.1.2.tgz",
      "integrity": "sha512-uWlGT3YSnK9x3BQJaOdcZwrnV6hPpd8jFH1/ucpiLRPh/2zCVJKS19E4GvYHvaCcACn3foXZ0cLB9Wrx1KGe5g==",
      "license": "MIT",
      "dependencies": {
        "no-case": "^3.0.4",
        "tslib": "^2.0.3"
      }
    },
    "node_modules/path-exists": {
      "version": "5.0.0",
      "resolved": "https://registry.npmjs.org/path-exists/-/path-exists-5.0.0.tgz",
      "integrity": "sha512-RjhtfwJOxzcFmNOi6ltcbcu4Iu+FL3zEj83dk4kAS+fVpTxXLO1b38RvJgT/0QwvV/L3aY9TAnyv0EOqW4GoMQ==",
      "license": "MIT",
      "engines": {
        "node": "^12.20.0 || ^14.13.1 || >=16.0.0"
      }
    },
    "node_modules/path-parse": {
      "version": "1.0.7",
      "resolved": "https://registry.npmjs.org/path-parse/-/path-parse-1.0.7.tgz",
      "integrity": "sha512-LDJzPVEEEPR+y48z93A0Ed0yXb8pAByGWo/k5YYdYgpY2/2EsOsksJrq7lOHxryrVOn1ejG6oAp8ahvOIQD8sw==",
      "license": "MIT"
    },
    "node_modules/picomatch": {
      "version": "4.0.2",
      "resolved": "https://registry.npmjs.org/picomatch/-/picomatch-4.0.2.tgz",
      "integrity": "sha512-M7BAV6Rlcy5u+m6oPhAPFgJTzAioX/6B0DxyvDlo9l8+T3nLKbrczg2WLUyzd45L8RqfUMyGPzekbMvX2Ldkwg==",
      "license": "MIT",
      "engines": {
        "node": ">=12"
      },
      "funding": {
        "url": "https://github.com/sponsors/jonschlinkert"
      }
    },
    "node_modules/randombytes": {
      "version": "2.1.0",
      "resolved": "https://registry.npmjs.org/randombytes/-/randombytes-2.1.0.tgz",
      "integrity": "sha512-vYl3iOX+4CKUWuxGi9Ukhie6fsqXqS9FE2Zaic4tNFD2N2QQaXOMFbuKK4QmDHC0JO6B1Zp41J0LpT0oR68amQ==",
      "license": "MIT",
      "dependencies": {
        "safe-buffer": "^5.1.0"
      }
    },
    "node_modules/readjson": {
      "version": "2.2.2",
      "resolved": "https://registry.npmjs.org/readjson/-/readjson-2.2.2.tgz",
      "integrity": "sha512-PdeC9tsmLWBiL8vMhJvocq+OezQ3HhsH2HrN7YkhfYcTjQSa/iraB15A7Qvt7Xpr0Yd2rDNt6GbFwVQDg3HcAw==",
      "license": "MIT",
      "dependencies": {
        "jju": "^1.4.0",
        "try-catch": "^3.0.0"
      },
      "engines": {
        "node": ">=10"
      }
    },
    "node_modules/relateurl": {
      "version": "0.2.7",
      "resolved": "https://registry.npmjs.org/relateurl/-/relateurl-0.2.7.tgz",
      "integrity": "sha512-G08Dxvm4iDN3MLM0EsP62EDV9IuhXPR6blNz6Utcp7zyV3tr4HVNINt6MpaRWbxoOHT3Q7YN2P+jaHX8vUbgog==",
      "license": "MIT",
      "engines": {
        "node": ">= 0.10"
      }
    },
    "node_modules/resolve": {
      "version": "1.22.10",
      "resolved": "https://registry.npmjs.org/resolve/-/resolve-1.22.10.tgz",
      "integrity": "sha512-NPRy+/ncIMeDlTAsuqwKIiferiawhefFJtkNSW0qZJEqMEb+qBt/77B/jGeeek+F0uOeN05CDa6HXbbIgtVX4w==",
      "license": "MIT",
      "dependencies": {
        "is-core-module": "^2.16.0",
        "path-parse": "^1.0.7",
        "supports-preserve-symlinks-flag": "^1.0.0"
      },
      "bin": {
        "resolve": "bin/resolve"
      },
      "engines": {
        "node": ">= 0.4"
      },
      "funding": {
        "url": "https://github.com/sponsors/ljharb"
      }
    },
    "node_modules/rollup": {
      "version": "3.29.5",
      "resolved": "https://registry.npmjs.org/rollup/-/rollup-3.29.5.tgz",
      "integrity": "sha512-GVsDdsbJzzy4S/v3dqWPJ7EfvZJfCHiDqe80IyrF59LYuP+e6U1LJoUqeuqRbwAWoMNoXivMNeNAOf5E22VA1w==",
      "license": "MIT",
      "bin": {
        "rollup": "dist/bin/rollup"
      },
      "engines": {
        "node": ">=14.18.0",
        "npm": ">=8.0.0"
      },
      "optionalDependencies": {
        "fsevents": "~2.3.2"
      }
    },
    "node_modules/safe-buffer": {
      "version": "5.2.1",
      "resolved": "https://registry.npmjs.org/safe-buffer/-/safe-buffer-5.2.1.tgz",
      "integrity": "sha512-rp3So07KcdmmKbGvgaNxQSJr7bGVSVk5S9Eq1F+ppbRo70+YeaDxkw5Dd8NPN+GD6bjnYm2VuPuCXmpuYvmCXQ==",
      "funding": [
        {
          "type": "github",
          "url": "https://github.com/sponsors/feross"
        },
        {
          "type": "patreon",
          "url": "https://www.patreon.com/feross"
        },
        {
          "type": "consulting",
          "url": "https://feross.org/support"
        }
      ],
      "license": "MIT"
    },
    "node_modules/serialize-javascript": {
      "version": "6.0.2",
      "resolved": "https://registry.npmjs.org/serialize-javascript/-/serialize-javascript-6.0.2.tgz",
      "integrity": "sha512-Saa1xPByTTq2gdeFZYLLo+RFE35NHZkAbqZeWNd3BpzppeVisAqpDjcp8dyf6uIvEqJRd46jemmyA4iFIeVk8g==",
      "license": "BSD-3-Clause",
      "dependencies": {
        "randombytes": "^2.1.0"
      }
    },
    "node_modules/simport": {
      "version": "1.2.0",
      "resolved": "https://registry.npmjs.org/simport/-/simport-1.2.0.tgz",
      "integrity": "sha512-85Bm7pKsqiiQ8rmYCaPDdlXZjJvuW6/k/FY8MTtLFMgU7f8S00CgTHfRtWB6KwSb6ek4p9YyG2enG1+yJbl+CA==",
      "license": "MIT",
      "dependencies": {
        "readjson": "^2.2.0",
        "try-to-catch": "^3.0.0"
      },
      "engines": {
        "node": ">=12.2"
      }
    },
    "node_modules/smob": {
      "version": "1.5.0",
      "resolved": "https://registry.npmjs.org/smob/-/smob-1.5.0.tgz",
      "integrity": "sha512-g6T+p7QO8npa+/hNx9ohv1E5pVCmWrVCUzUXJyLdMmftX6ER0oiWY/w9knEonLpnOp6b6FenKnMfR8gqwWdwig==",
      "license": "MIT"
    },
    "node_modules/source-map": {
      "version": "0.6.1",
      "resolved": "https://registry.npmjs.org/source-map/-/source-map-0.6.1.tgz",
      "integrity": "sha512-UjgapumWlbMhkBgzT7Ykc5YXUT46F0iKu8SGXq0bcwP5dz/h0Plj6enJqjz1Zbq2l5WaqYnrVbwWOWMyF3F47g==",
      "license": "BSD-3-Clause",
      "engines": {
        "node": ">=0.10.0"
      }
    },
    "node_modules/source-map-support": {
      "version": "0.5.21",
      "resolved": "https://registry.npmjs.org/source-map-support/-/source-map-support-0.5.21.tgz",
      "integrity": "sha512-uBHU3L3czsIyYXKX88fdrGovxdSCoTGDRZ6SYXtSRxLZUzHg5P/66Ht6uoUlHu9EZod+inXhKo3qQgwXUT/y1w==",
      "license": "MIT",
      "dependencies": {
        "buffer-from": "^1.0.0",
        "source-map": "^0.6.0"
      }
    },
    "node_modules/style-mod": {
      "version": "4.1.2",
      "resolved": "https://registry.npmjs.org/style-mod/-/style-mod-4.1.2.tgz",
      "integrity": "sha512-wnD1HyVqpJUI2+eKZ+eo1UwghftP6yuFheBqqe+bWCotBjC2K1YnteJILRMs3SM4V/0dLEW1SC27MWP5y+mwmw==",
      "license": "MIT"
    },
    "node_modules/supports-preserve-symlinks-flag": {
      "version": "1.0.0",
      "resolved": "https://registry.npmjs.org/supports-preserve-symlinks-flag/-/supports-preserve-symlinks-flag-1.0.0.tgz",
      "integrity": "sha512-ot0WnXS9fgdkgIcePe6RHNk1WA8+muPa6cSjeR3V8K27q9BB1rTE3R1p7Hv0z1ZyAc8s6Vvv8DIyWf681MAt0w==",
      "license": "MIT",
      "engines": {
        "node": ">= 0.4"
      },
      "funding": {
        "url": "https://github.com/sponsors/ljharb"
      }
    },
    "node_modules/terser": {
      "version": "5.39.0",
      "resolved": "https://registry.npmjs.org/terser/-/terser-5.39.0.tgz",
      "integrity": "sha512-LBAhFyLho16harJoWMg/nZsQYgTrg5jXOn2nCYjRUcZZEdE3qa2zb8QEDRUGVZBW4rlazf2fxkg8tztybTaqWw==",
      "license": "BSD-2-Clause",
      "dependencies": {
        "@jridgewell/source-map": "^0.3.3",
        "acorn": "^8.8.2",
        "commander": "^2.20.0",
        "source-map-support": "~0.5.20"
      },
      "bin": {
        "terser": "bin/terser"
      },
      "engines": {
        "node": ">=10"
      }
    },
    "node_modules/terser/node_modules/commander": {
      "version": "2.20.3",
      "resolved": "https://registry.npmjs.org/commander/-/commander-2.20.3.tgz",
      "integrity": "sha512-GpVkmM8vF2vQUkj2LvZmD35JxeJOLCwJ9cUkugyk2nuhbv3+mJvpLYYt+0+USMxE+oj+ey/lJEnhZw75x/OMcQ==",
      "license": "MIT"
    },
    "node_modules/try-catch": {
      "version": "3.0.1",
      "resolved": "https://registry.npmjs.org/try-catch/-/try-catch-3.0.1.tgz",
      "integrity": "sha512-91yfXw1rr/P6oLpHSyHDOHm0vloVvUoo9FVdw8YwY05QjJQG9OT0LUxe2VRAzmHG+0CUOmI3nhxDUMLxDN/NEQ==",
      "license": "MIT",
      "engines": {
        "node": ">=6"
      }
    },
    "node_modules/try-to-catch": {
      "version": "3.0.1",
      "resolved": "https://registry.npmjs.org/try-to-catch/-/try-to-catch-3.0.1.tgz",
      "integrity": "sha512-hOY83V84Hx/1sCzDSaJA+Xz2IIQOHRvjxzt+F0OjbQGPZ6yLPLArMA0gw/484MlfUkQbCpKYMLX3VDCAjWKfzQ==",
      "license": "MIT",
      "engines": {
        "node": ">=6"
      }
    },
    "node_modules/tslib": {
      "version": "2.8.1",
      "resolved": "https://registry.npmjs.org/tslib/-/tslib-2.8.1.tgz",
      "integrity": "sha512-oJFu94HQb+KVduSUQL7wnpmqnfmLsOA/nAh6b6EH0wCEoK0/mPeXU6c3wKDV83MkOuHPRHtSXKKU99IBazS/2w==",
      "license": "0BSD"
    },
    "node_modules/w3c-keyname": {
      "version": "2.2.8",
      "resolved": "https://registry.npmjs.org/w3c-keyname/-/w3c-keyname-2.2.8.tgz",
      "integrity": "sha512-dpojBhNsCNN7T82Tm7k26A6G9ML3NkhDsnw9n/eoxSRlVBB4CEtIQ/KTCLI2Fwf3ataSXRhYFkQi3SlnFwPvPQ==",
      "license": "MIT"
    },
    "node_modules/yocto-queue": {
      "version": "1.1.1",
      "resolved": "https://registry.npmjs.org/yocto-queue/-/yocto-queue-1.1.1.tgz",
      "integrity": "sha512-b4JR1PFR10y1mKjhHY9LaGo6tmrgjit7hxVIeAmyMw3jegXR4dhYqLaQF5zMXZxY7tLpMyJeLjr1C4rLmkVe8g==",
      "license": "MIT",
      "engines": {
        "node": ">=12.20"
      },
      "funding": {
        "url": "https://github.com/sponsors/sindresorhus"
      }
    }
  }
}
