{
  "name": "roland_site",
  "version": "0.2.2",
  "lockfileVersion": 3,
  "requires": true,
  "packages": {
    "": {
      "version": "0.2.2",
      "dependencies": {
        "@codemirror/autocomplete": "^6.18.6",
        "@codemirror/commands": "^6.8.1",
        "@codemirror/lang-wast": "^6.0.2",
        "@codemirror/search": "^6.5.11",
        "@codemirror/state": "^6.5.2",
        "@codemirror/view": "^6.37.2",
        "@rollup/plugin-node-resolve": "^16.0.1",
        "@rollup/plugin-terser": "^1.0.0",
        "rollup": "^4.43.0"
      }
    },
    "node_modules/@codemirror/autocomplete": {
      "version": "6.20.2",
      "resolved": "https://registry.npmjs.org/@codemirror/autocomplete/-/autocomplete-6.20.2.tgz",
      "integrity": "sha512-G5FPkgIiLjOgZMjqVjvuKQ1rGPtHogLldJr33eFJdVLtmwY+giGrlv/ewljLz6b9BSQLkjxuwBc6g6omDM+YxQ==",
      "license": "MIT",
      "dependencies": {
        "@codemirror/language": "^6.0.0",
        "@codemirror/state": "^6.0.0",
        "@codemirror/view": "^6.17.0",
        "@lezer/common": "^1.0.0"
      }
    },
    "node_modules/@codemirror/commands": {
      "version": "6.10.3",
      "resolved": "https://registry.npmjs.org/@codemirror/commands/-/commands-6.10.3.tgz",
      "integrity": "sha512-JFRiqhKu+bvSkDLI+rUhJwSxQxYb759W5GBezE8Uc8mHLqC9aV/9aTC7yJSqCtB3F00pylrLCwnyS91Ap5ej4Q==",
      "license": "MIT",
      "dependencies": {
        "@codemirror/language": "^6.0.0",
        "@codemirror/state": "^6.6.0",
        "@codemirror/view": "^6.27.0",
        "@lezer/common": "^1.1.0"
      }
    },
    "node_modules/@codemirror/lang-wast": {
      "version": "6.0.2",
      "resolved": "https://registry.npmjs.org/@codemirror/lang-wast/-/lang-wast-6.0.2.tgz",
      "integrity": "sha512-Imi2KTpVGm7TKuUkqyJ5NRmeFWF7aMpNiwHnLQe0x9kmrxElndyH0K6H/gXtWwY6UshMRAhpENsgfpSwsgmC6Q==",
      "license": "MIT",
      "dependencies": {
        "@codemirror/language": "^6.0.0",
        "@lezer/common": "^1.2.0",
        "@lezer/highlight": "^1.0.0",
        "@lezer/lr": "^1.0.0"
      }
    },
    "node_modules/@codemirror/language": {
      "version": "6.12.3",
      "resolved": "https://registry.npmjs.org/@codemirror/language/-/language-6.12.3.tgz",
      "integrity": "sha512-QwCZW6Tt1siP37Jet9Tb02Zs81TQt6qQrZR2H+eGMcFsL1zMrk2/b9CLC7/9ieP1fjIUMgviLWMmgiHoJrj+ZA==",
      "license": "MIT",
      "dependencies": {
        "@codemirror/state": "^6.0.0",
        "@codemirror/view": "^6.23.0",
        "@lezer/common": "^1.5.0",
        "@lezer/highlight": "^1.0.0",
        "@lezer/lr": "^1.0.0",
        "style-mod": "^4.0.0"
      }
    },
    "node_modules/@codemirror/search": {
      "version": "6.7.0",
      "resolved": "https://registry.npmjs.org/@codemirror/search/-/search-6.7.0.tgz",
      "integrity": "sha512-ZvGm99wc/s2cITtMT15LFdn8aH/aS+V+DqyGq/N5ZlV5vWtH+nILvC2nw0zX7ByNoHHDZ2IxxdW38O0tc5nVHg==",
      "license": "MIT",
      "dependencies": {
        "@codemirror/state": "^6.0.0",
        "@codemirror/view": "^6.37.0",
        "crelt": "^1.0.5"
      }
    },
    "node_modules/@codemirror/state": {
      "version": "6.6.0",
      "resolved": "https://registry.npmjs.org/@codemirror/state/-/state-6.6.0.tgz",
      "integrity": "sha512-4nbvra5R5EtiCzr9BTHiTLc+MLXK2QGiAVYMyi8PkQd3SR+6ixar/Q/01Fa21TBIDOZXgeWV4WppsQolSreAPQ==",
      "license": "MIT",
      "dependencies": {
        "@marijn/find-cluster-break": "^1.0.0"
      }
    },
    "node_modules/@codemirror/view": {
      "version": "6.42.1",
      "resolved": "https://registry.npmjs.org/@codemirror/view/-/view-6.42.1.tgz",
      "integrity": "sha512-ToN3oFc0nsxNUYVF5P0ztLgbC4UPPjPtA9aKYhkOKQaZASpOUo6ISXyQLP66ctVwlDc+j6Jv0uK5IFALkiXztg==",
      "license": "MIT",
      "dependencies": {
        "@codemirror/state": "^6.6.0",
        "crelt": "^1.0.6",
        "style-mod": "^4.1.0",
        "w3c-keyname": "^2.2.4"
      }
    },
    "node_modules/@jridgewell/gen-mapping": {
      "version": "0.3.13",
      "resolved": "https://registry.npmjs.org/@jridgewell/gen-mapping/-/gen-mapping-0.3.13.tgz",
      "integrity": "sha512-2kkt/7niJ6MgEPxF0bYdQ6etZaA+fQvDcLKckhy1yIQOzaoKjBBjSj63/aLVjYE3qhRt5dvM+uUyfCg6UKCBbA==",
      "license": "MIT",
      "dependencies": {
        "@jridgewell/sourcemap-codec": "^1.5.0",
        "@jridgewell/trace-mapping": "^0.3.24"
      }
    },
    "node_modules/@jridgewell/resolve-uri": {
      "version": "3.1.2",
      "resolved": "https://registry.npmjs.org/@jridgewell/resolve-uri/-/resolve-uri-3.1.2.tgz",
      "integrity": "sha512-bRISgCIjP20/tbWSPWMEi54QVPRZExkuD9lJL+UIxUKtwVJA8wW1Trb1jMs1RFXo1CBTNZ/5hpC9QvmKWdopKw==",
      "license": "MIT",
      "engines": {
        "node": ">=6.0.0"
      }
    },
    "node_modules/@jridgewell/source-map": {
      "version": "0.3.11",
      "resolved": "https://registry.npmjs.org/@jridgewell/source-map/-/source-map-0.3.11.tgz",
      "integrity": "sha512-ZMp1V8ZFcPG5dIWnQLr3NSI1MiCU7UETdS/A0G8V/XWHvJv3ZsFqutJn1Y5RPmAPX6F3BiE397OqveU/9NCuIA==",
      "license": "MIT",
      "dependencies": {
        "@jridgewell/gen-mapping": "^0.3.5",
        "@jridgewell/trace-mapping": "^0.3.25"
      }
    },
    "node_modules/@jridgewell/sourcemap-codec": {
      "version": "1.5.5",
      "resolved": "https://registry.npmjs.org/@jridgewell/sourcemap-codec/-/sourcemap-codec-1.5.5.tgz",
      "integrity": "sha512-cYQ9310grqxueWbl+WuIUIaiUaDcj7WOq5fVhEljNVgRfOUhY9fy2zTvfoqWsnebh8Sl70VScFbICvJnLKB0Og==",
      "license": "MIT"
    },
    "node_modules/@jridgewell/trace-mapping": {
      "version": "0.3.31",
      "resolved": "https://registry.npmjs.org/@jridgewell/trace-mapping/-/trace-mapping-0.3.31.tgz",
      "integrity": "sha512-zzNR+SdQSDJzc8joaeP8QQoCQr8NuYx2dIIytl1QeBEZHJ9uW6hebsrYgbz8hJwUQao3TWCMtmfV8Nu1twOLAw==",
      "license": "MIT",
      "dependencies": {
        "@jridgewell/resolve-uri": "^3.1.0",
        "@jridgewell/sourcemap-codec": "^1.4.14"
      }
    },
    "node_modules/@lezer/common": {
      "version": "1.5.2",
      "resolved": "https://registry.npmjs.org/@lezer/common/-/common-1.5.2.tgz",
      "integrity": "sha512-sxQE460fPZyU3sdc8lafxiPwJHBzZRy/udNFynGQky1SePYBdhkBl1kOagA9uT3pxR8K09bOrmTUqA9wb/PjSQ==",
      "license": "MIT"
    },
    "node_modules/@lezer/highlight": {
      "version": "1.2.3",
      "resolved": "https://registry.npmjs.org/@lezer/highlight/-/highlight-1.2.3.tgz",
      "integrity": "sha512-qXdH7UqTvGfdVBINrgKhDsVTJTxactNNxLk7+UMwZhU13lMHaOBlJe9Vqp907ya56Y3+ed2tlqzys7jDkTmW0g==",
      "license": "MIT",
      "dependencies": {
        "@lezer/common": "^1.3.0"
      }
    },
    "node_modules/@lezer/lr": {
      "version": "1.4.10",
      "resolved": "https://registry.npmjs.org/@lezer/lr/-/lr-1.4.10.tgz",
      "integrity": "sha512-rnCpTIBafOx4mRp43xOxDJbFipJm/c0cia/V5TiGlhmMa+wsSdoGmUN3w5Bqrks/09Q/D4tNAmWaT8p6NRi77A==",
      "license": "MIT",
      "dependencies": {
        "@lezer/common": "^1.0.0"
      }
    },
    "node_modules/@marijn/find-cluster-break": {
      "version": "1.0.2",
      "resolved": "https://registry.npmjs.org/@marijn/find-cluster-break/-/find-cluster-break-1.0.2.tgz",
      "integrity": "sha512-l0h88YhZFyKdXIFNfSWpyjStDjGHwZ/U7iobcK1cQQD8sejsONdQtTVU+1wVN1PBw40PiiHB1vA5S7VTfQiP9g==",
      "license": "MIT"
    },
    "node_modules/@rollup/plugin-node-resolve": {
      "version": "16.0.3",
      "resolved": "https://registry.npmjs.org/@rollup/plugin-node-resolve/-/plugin-node-resolve-16.0.3.tgz",
      "integrity": "sha512-lUYM3UBGuM93CnMPG1YocWu7X802BrNF3jW2zny5gQyLQgRFJhV1Sq0Zi74+dh/6NBx1DxFC4b4GXg9wUCG5Qg==",
      "license": "MIT",
      "dependencies": {
        "@rollup/pluginutils": "^5.0.1",
        "@types/resolve": "1.20.2",
        "deepmerge": "^4.2.2",
        "is-module": "^1.0.0",
        "resolve": "^1.22.1"
      },
      "engines": {
        "node": ">=14.0.0"
      },
      "peerDependencies": {
        "rollup": "^2.78.0||^3.0.0||^4.0.0"
      },
      "peerDependenciesMeta": {
        "rollup": {
          "optional": true
        }
      }
    },
    "node_modules/@rollup/plugin-terser": {
      "version": "1.0.0",
      "resolved": "https://registry.npmjs.org/@rollup/plugin-terser/-/plugin-terser-1.0.0.tgz",
      "integrity": "sha512-FnCxhTBx6bMOYQrar6C8h3scPt8/JwIzw3+AJ2K++6guogH5fYaIFia+zZuhqv0eo1RN7W1Pz630SyvLbDjhtQ==",
      "license": "MIT",
      "dependencies": {
        "serialize-javascript": "^7.0.3",
        "smob": "^1.0.0",
        "terser": "^5.17.4"
      },
      "engines": {
        "node": ">=20.0.0"
      },
      "peerDependencies": {
        "rollup": "^2.0.0||^3.0.0||^4.0.0"
      },
      "peerDependenciesMeta": {
        "rollup": {
          "optional": true
        }
      }
    },
    "node_modules/@rollup/pluginutils": {
      "version": "5.3.0",
      "resolved": "https://registry.npmjs.org/@rollup/pluginutils/-/pluginutils-5.3.0.tgz",
      "integrity": "sha512-5EdhGZtnu3V88ces7s53hhfK5KSASnJZv8Lulpc04cWO3REESroJXg73DFsOmgbU2BhwV0E20bu2IDZb3VKW4Q==",
      "license": "MIT",
      "dependencies": {
        "@types/estree": "^1.0.0",
        "estree-walker": "^2.0.2",
        "picomatch": "^4.0.2"
      },
      "engines": {
        "node": ">=14.0.0"
      },
      "peerDependencies": {
        "rollup": "^1.20.0||^2.0.0||^3.0.0||^4.0.0"
      },
      "peerDependenciesMeta": {
        "rollup": {
          "optional": true
        }
      }
    },
    "node_modules/@rollup/rollup-android-arm-eabi": {
      "version": "4.60.3",
      "resolved": "https://registry.npmjs.org/@rollup/rollup-android-arm-eabi/-/rollup-android-arm-eabi-4.60.3.tgz",
      "integrity": "sha512-x35CNW/ANXG3hE/EZpRU8MXX1JDN86hBb2wMGAtltkz7pc6cxgjpy1OMMfDosOQ+2hWqIkag/fGok1Yady9nGw==",
      "cpu": [
        "arm"
      ],
      "license": "MIT",
      "optional": true,
      "os": [
        "android"
      ]
    },
    "node_modules/@rollup/rollup-android-arm64": {
      "version": "4.60.3",
      "resolved": "https://registry.npmjs.org/@rollup/rollup-android-arm64/-/rollup-android-arm64-4.60.3.tgz",
      "integrity": "sha512-xw3xtkDApIOGayehp2+Rz4zimfkaX65r4t47iy+ymQB2G4iJCBBfj0ogVg5jpvjpn8UWn/+q9tprxleYeNp3Hw==",
      "cpu": [
        "arm64"
      ],
      "license": "MIT",
      "optional": true,
      "os": [
        "android"
      ]
    },
    "node_modules/@rollup/rollup-darwin-arm64": {
      "version": "4.60.3",
      "resolved": "https://registry.npmjs.org/@rollup/rollup-darwin-arm64/-/rollup-darwin-arm64-4.60.3.tgz",
      "integrity": "sha512-vo6Y5Qfpx7/5EaamIwi0WqW2+zfiusVihKatLvtN1VFVy3D13uERk/6gZLU1UiHRL6fDXqj/ELIeVRGnvcTE1g==",
      "cpu": [
        "arm64"
      ],
      "license": "MIT",
      "optional": true,
      "os": [
        "darwin"
      ]
    },
    "node_modules/@rollup/rollup-darwin-x64": {
      "version": "4.60.3",
      "resolved": "https://registry.npmjs.org/@rollup/rollup-darwin-x64/-/rollup-darwin-x64-4.60.3.tgz",
      "integrity": "sha512-D+0QGcZhBzTN82weOnsSlY7V7+RMmPuF1CkbxyMAGE8+ZHeUjyb76ZiWmBlCu//AQQONvxcqRbwZTajZKqjuOw==",
      "cpu": [
        "x64"
      ],
      "license": "MIT",
      "optional": true,
      "os": [
        "darwin"
      ]
    },
    "node_modules/@rollup/rollup-freebsd-arm64": {
      "version": "4.60.3",
      "resolved": "https://registry.npmjs.org/@rollup/rollup-freebsd-arm64/-/rollup-freebsd-arm64-4.60.3.tgz",
      "integrity": "sha512-6HnvHCT7fDyj6R0Ph7A6x8dQS/S38MClRWeDLqc0MdfWkxjiu1HSDYrdPhqSILzjTIC/pnXbbJbo+ft+gy/9hQ==",
      "cpu": [
        "arm64"
      ],
      "license": "MIT",
      "optional": true,
      "os": [
        "freebsd"
      ]
    },
    "node_modules/@rollup/rollup-freebsd-x64": {
      "version": "4.60.3",
      "resolved": "https://registry.npmjs.org/@rollup/rollup-freebsd-x64/-/rollup-freebsd-x64-4.60.3.tgz",
      "integrity": "sha512-KHLgC3WKlUYW3ShFKnnosZDOJ0xjg9zp7au3sIm2bs/tGBeC2ipmvRh/N7JKi0t9Ue20C0dpEshi8WUubg+cnA==",
      "cpu": [
        "x64"
      ],
      "license": "MIT",
      "optional": true,
      "os": [
        "freebsd"
      ]
    },
    "node_modules/@rollup/rollup-linux-arm-gnueabihf": {
      "version": "4.60.3",
      "resolved": "https://registry.npmjs.org/@rollup/rollup-linux-arm-gnueabihf/-/rollup-linux-arm-gnueabihf-4.60.3.tgz",
      "integrity": "sha512-DV6fJoxEYWJOvaZIsok7KrYl0tPvga5OZ2yvKHNNYyk/2roMLqQAbGhr78EQ5YhHpnhLKJD3S1WFusAkmUuV5g==",
      "cpu": [
        "arm"
      ],
      "libc": [
        "glibc"
      ],
      "license": "MIT",
      "optional": true,
      "os": [
        "linux"
      ]
    },
    "node_modules/@rollup/rollup-linux-arm-musleabihf": {
      "version": "4.60.3",
      "resolved": "https://registry.npmjs.org/@rollup/rollup-linux-arm-musleabihf/-/rollup-linux-arm-musleabihf-4.60.3.tgz",
      "integrity": "sha512-mQKoJAzvuOs6F+TZybQO4GOTSMUu7v0WdxEk24krQ/uUxXoPTtHjuaUuPmFhtBcM4K0ons8nrE3JyhTuCFtT/w==",
      "cpu": [
        "arm"
      ],
      "libc": [
        "musl"
      ],
      "license": "MIT",
      "optional": true,
      "os": [
        "linux"
      ]
    },
    "node_modules/@rollup/rollup-linux-arm64-gnu": {
      "version": "4.60.3",
      "resolved": "https://registry.npmjs.org/@rollup/rollup-linux-arm64-gnu/-/rollup-linux-arm64-gnu-4.60.3.tgz",
      "integrity": "sha512-Whjj2qoiJ6+OOJMGptTYazaJvjOJm+iKHpXQM1P3LzGjt7Ff++Tp7nH4N8J/BUA7R9IHfDyx4DJIflifwnbmIA==",
      "cpu": [
        "arm64"
      ],
      "libc": [
        "glibc"
      ],
      "license": "MIT",
      "optional": true,
      "os": [
        "linux"
      ]
    },
    "node_modules/@rollup/rollup-linux-arm64-musl": {
      "version": "4.60.3",
      "resolved": "https://registry.npmjs.org/@rollup/rollup-linux-arm64-musl/-/rollup-linux-arm64-musl-4.60.3.tgz",
      "integrity": "sha512-4YTNHKqGng5+yiZt3mg77nmyuCfmNfX4fPmyUapBcIk+BdwSwmCWGXOUxhXbBEkFHtoN5boLj/5NON+u5QC9tg==",
      "cpu": [
        "arm64"
      ],
      "libc": [
        "musl"
      ],
      "license": "MIT",
      "optional": true,
      "os": [
        "linux"
      ]
    },
    "node_modules/@rollup/rollup-linux-loong64-gnu": {
      "version": "4.60.3",
      "resolved": "https://registry.npmjs.org/@rollup/rollup-linux-loong64-gnu/-/rollup-linux-loong64-gnu-4.60.3.tgz",
      "integrity": "sha512-SU3kNlhkpI4UqlUc2VXPGK9o886ZsSeGfMAX2ba2b8DKmMXq4AL7KUrkSWVbb7koVqx41Yczx6dx5PNargIrEA==",
      "cpu": [
        "loong64"
      ],
      "libc": [
        "glibc"
      ],
      "license": "MIT",
      "optional": true,
      "os": [
        "linux"
      ]
    },
    "node_modules/@rollup/rollup-linux-loong64-musl": {
      "version": "4.60.3",
      "resolved": "https://registry.npmjs.org/@rollup/rollup-linux-loong64-musl/-/rollup-linux-loong64-musl-4.60.3.tgz",
      "integrity": "sha512-6lDLl5h4TXpB1mTf2rQWnAk/LcXrx9vBfu/DT5TIPhvMhRWaZ5MxkIc8u4lJAmBo6klTe1ywXIUHFjylW505sg==",
      "cpu": [
        "loong64"
      ],
      "libc": [
        "musl"
      ],
      "license": "MIT",
      "optional": true,
      "os": [
        "linux"
      ]
    },
    "node_modules/@rollup/rollup-linux-ppc64-gnu": {
      "version": "4.60.3",
      "resolved": "https://registry.npmjs.org/@rollup/rollup-linux-ppc64-gnu/-/rollup-linux-ppc64-gnu-4.60.3.tgz",
      "integrity": "sha512-BMo8bOw8evlup/8G+cj5xWtPyp93xPdyoSN16Zy90Q2QZ0ZYRhCt6ZJSwbrRzG9HApFabjwj2p25TUPDWrhzqQ==",
      "cpu": [
        "ppc64"
      ],
      "libc": [
        "glibc"
      ],
      "license": "MIT",
      "optional": true,
      "os": [
        "linux"
      ]
    },
    "node_modules/@rollup/rollup-linux-ppc64-musl": {
      "version": "4.60.3",
      "resolved": "https://registry.npmjs.org/@rollup/rollup-linux-ppc64-musl/-/rollup-linux-ppc64-musl-4.60.3.tgz",
      "integrity": "sha512-E0L8X1dZN1/Rph+5VPF6Xj2G7JJvMACVXtamTJIDrVI44Y3K+G8gQaMEAavbqCGTa16InptiVrX6eM6pmJ+7qA==",
      "cpu": [
        "ppc64"
      ],
      "libc": [
        "musl"
      ],
      "license": "MIT",
      "optional": true,
      "os": [
        "linux"
      ]
    },
    "node_modules/@rollup/rollup-linux-riscv64-gnu": {
      "version": "4.60.3",
      "resolved": "https://registry.npmjs.org/@rollup/rollup-linux-riscv64-gnu/-/rollup-linux-riscv64-gnu-4.60.3.tgz",
      "integrity": "sha512-oZJ/WHaVfHUiRAtmTAeo3DcevNsVvH8mbvodjZy7D5QKvCefO371SiKRpxoDcCxB3PTRTLayWBkvmDQKTcX/sw==",
      "cpu": [
        "riscv64"
      ],
      "libc": [
        "glibc"
      ],
      "license": "MIT",
      "optional": true,
      "os": [
        "linux"
      ]
    },
    "node_modules/@rollup/rollup-linux-riscv64-musl": {
      "version": "4.60.3",
      "resolved": "https://registry.npmjs.org/@rollup/rollup-linux-riscv64-musl/-/rollup-linux-riscv64-musl-4.60.3.tgz",
      "integrity": "sha512-Dhbyh7j9FybM3YaTgaHmVALwA8AkUwTPccyCQ79TG9AJUsMQqgN1DDEZNr4+QUfwiWvLDumW5vdwzoeUF+TNxQ==",
      "cpu": [
        "riscv64"
      ],
      "libc": [
        "musl"
      ],
      "license": "MIT",
      "optional": true,
      "os": [
        "linux"
      ]
    },
    "node_modules/@rollup/rollup-linux-s390x-gnu": {
      "version": "4.60.3",
      "resolved": "https://registry.npmjs.org/@rollup/rollup-linux-s390x-gnu/-/rollup-linux-s390x-gnu-4.60.3.tgz",
      "integrity": "sha512-cJd1X5XhHHlltkaypz1UcWLA8AcoIi1aWhsvaWDskD1oz2eKCypnqvTQ8ykMNI0RSmm7NkTdSqSSD7zM0xa6Ig==",
      "cpu": [
        "s390x"
      ],
      "libc": [
        "glibc"
      ],
      "license": "MIT",
      "optional": true,
      "os": [
        "linux"
      ]
    },
    "node_modules/@rollup/rollup-linux-x64-gnu": {
      "version": "4.60.3",
      "resolved": "https://registry.npmjs.org/@rollup/rollup-linux-x64-gnu/-/rollup-linux-x64-gnu-4.60.3.tgz",
      "integrity": "sha512-DAZDBHQfG2oQuhY7mc6I3/qB4LU2fQCjRvxbDwd/Jdvb9fypP4IJ4qmtu6lNjes6B531AI8cg1aKC2di97bUxA==",
      "cpu": [
        "x64"
      ],
      "libc": [
        "glibc"
      ],
      "license": "MIT",
      "optional": true,
      "os": [
        "linux"
      ]
    },
    "node_modules/@rollup/rollup-linux-x64-musl": {
      "version": "4.60.3",
      "resolved": "https://registry.npmjs.org/@rollup/rollup-linux-x64-musl/-/rollup-linux-x64-musl-4.60.3.tgz",
      "integrity": "sha512-cRxsE8c13mZOh3vP+wLDxpQBRrOHDIGOWyDL93Sy0Ga8y515fBcC2pjUfFwUe5T7tqvTvWbCpg1URM/AXdWIXA==",
      "cpu": [
        "x64"
      ],
      "libc": [
        "musl"
      ],
      "license": "MIT",
      "optional": true,
      "os": [
        "linux"
      ]
    },
    "node_modules/@rollup/rollup-openbsd-x64": {
      "version": "4.60.3",
      "resolved": "https://registry.npmjs.org/@rollup/rollup-openbsd-x64/-/rollup-openbsd-x64-4.60.3.tgz",
      "integrity": "sha512-QaWcIgRxqEdQdhJqW4DJctsH6HCmo5vHxY0krHSX4jMtOqfzC+dqDGuHM87bu4H8JBeibWx7jFz+h6/4C8wA5Q==",
      "cpu": [
        "x64"
      ],
      "license": "MIT",
      "optional": true,
      "os": [
        "openbsd"
      ]
    },
    "node_modules/@rollup/rollup-openharmony-arm64": {
      "version": "4.60.3",
      "resolved": "https://registry.npmjs.org/@rollup/rollup-openharmony-arm64/-/rollup-openharmony-arm64-4.60.3.tgz",
      "integrity": "sha512-AaXwSvUi3QIPtroAUw1t5yHGIyqKEXwH54WUocFolZhpGDruJcs8c+xPNDRn4XiQsS7MEwnYsHW2l0MBLDMkWg==",
      "cpu": [
        "arm64"
      ],
      "license": "MIT",
      "optional": true,
      "os": [
        "openharmony"
      ]
    },
    "node_modules/@rollup/rollup-win32-arm64-msvc": {
      "version": "4.60.3",
      "resolved": "https://registry.npmjs.org/@rollup/rollup-win32-arm64-msvc/-/rollup-win32-arm64-msvc-4.60.3.tgz",
      "integrity": "sha512-65LAKM/bAWDqKNEelHlcHvm2V+Vfb8C6INFxQXRHCvaVN1rJfwr4NvdP4FyzUaLqWfaCGaadf6UbTm8xJeYfEg==",
      "cpu": [
        "arm64"
      ],
      "license": "MIT",
      "optional": true,
      "os": [
        "win32"
      ]
    },
    "node_modules/@rollup/rollup-win32-ia32-msvc": {
      "version": "4.60.3",
      "resolved": "https://registry.npmjs.org/@rollup/rollup-win32-ia32-msvc/-/rollup-win32-ia32-msvc-4.60.3.tgz",
      "integrity": "sha512-EEM2gyhBF5MFnI6vMKdX1LAosE627RGBzIoGMdLloPZkXrUN0Ckqgr2Qi8+J3zip/8NVVro3/FjB+tjhZUgUHA==",
      "cpu": [
        "ia32"
      ],
      "license": "MIT",
      "optional": true,
      "os": [
        "win32"
      ]
    },
    "node_modules/@rollup/rollup-win32-x64-gnu": {
      "version": "4.60.3",
      "resolved": "https://registry.npmjs.org/@rollup/rollup-win32-x64-gnu/-/rollup-win32-x64-gnu-4.60.3.tgz",
      "integrity": "sha512-E5Eb5H/DpxaoXH++Qkv28RcUJboMopmdDUALBczvHMf7hNIxaDZqwY5lK12UK1BHacSmvupoEWGu+n993Z0y1A==",
      "cpu": [
        "x64"
      ],
      "license": "MIT",
      "optional": true,
      "os": [
        "win32"
      ]
    },
    "node_modules/@rollup/rollup-win32-x64-msvc": {
      "version": "4.60.3",
      "resolved": "https://registry.npmjs.org/@rollup/rollup-win32-x64-msvc/-/rollup-win32-x64-msvc-4.60.3.tgz",
      "integrity": "sha512-hPt/bgL5cE+Qp+/TPHBqptcAgPzgj46mPcg/16zNUmbQk0j+mOEQV/+Lqu8QRtDV3Ek95Q6FeFITpuhl6OTsAA==",
      "cpu": [
        "x64"
      ],
      "license": "MIT",
      "optional": true,
      "os": [
        "win32"
      ]
    },
    "node_modules/@types/estree": {
      "version": "1.0.9",
      "resolved": "https://registry.npmjs.org/@types/estree/-/estree-1.0.9.tgz",
      "integrity": "sha512-GhdPgy1el4/ImP05X05Uw4cw2/M93BCUmnEvWZNStlCzEKME4Fkk+YpoA5OiHNQmoS7Cafb8Xa3Pya8m1Qrzeg==",
      "license": "MIT"
    },
    "node_modules/@types/resolve": {
      "version": "1.20.2",
      "resolved": "https://registry.npmjs.org/@types/resolve/-/resolve-1.20.2.tgz",
      "integrity": "sha512-60BCwRFOZCQhDncwQdxxeOEEkbc5dIMccYLwbxsS4TUNeVECQ/pBJ0j09mrHOl/JJvpRPGwO9SvE4nR2Nb/a4Q==",
      "license": "MIT"
    },
    "node_modules/acorn": {
      "version": "8.16.0",
      "resolved": "https://registry.npmjs.org/acorn/-/acorn-8.16.0.tgz",
      "integrity": "sha512-UVJyE9MttOsBQIDKw1skb9nAwQuR5wuGD3+82K6JgJlm/Y+KI92oNsMNGZCYdDsVtRHSak0pcV5Dno5+4jh9sw==",
      "license": "MIT",
      "bin": {
        "acorn": "bin/acorn"
      },
      "engines": {
        "node": ">=0.4.0"
      }
    },
    "node_modules/buffer-from": {
      "version": "1.1.2",
      "resolved": "https://registry.npmjs.org/buffer-from/-/buffer-from-1.1.2.tgz",
      "integrity": "sha512-E+XQCRwSbaaiChtv6k6Dwgc+bx+Bs6vuKJHHl5kox/BaKbhiXzqQOwK4cO22yElGp2OCmjwVhT3HmxgyPGnJfQ==",
      "license": "MIT"
    },
    "node_modules/commander": {
      "version": "2.20.3",
      "resolved": "https://registry.npmjs.org/commander/-/commander-2.20.3.tgz",
      "integrity": "sha512-GpVkmM8vF2vQUkj2LvZmD35JxeJOLCwJ9cUkugyk2nuhbv3+mJvpLYYt+0+USMxE+oj+ey/lJEnhZw75x/OMcQ==",
      "license": "MIT"
    },
    "node_modules/crelt": {
      "version": "1.0.6",
      "resolved": "https://registry.npmjs.org/crelt/-/crelt-1.0.6.tgz",
      "integrity": "sha512-VQ2MBenTq1fWZUH9DJNGti7kKv6EeAuYr3cLwxUWhIu1baTaXh4Ib5W2CqHVqib4/MqbYGJqiL3Zb8GJZr3l4g==",
      "license": "MIT"
    },
    "node_modules/deepmerge": {
      "version": "4.3.1",
      "resolved": "https://registry.npmjs.org/deepmerge/-/deepmerge-4.3.1.tgz",
      "integrity": "sha512-3sUqbMEc77XqpdNO7FRyRog+eW3ph+GYCbj+rK+uYyRMuwsVy0rMiVtPn+QJlKFvWP/1PYpapqYn0Me2knFn+A==",
      "license": "MIT",
      "engines": {
        "node": ">=0.10.0"
      }
    },
    "node_modules/es-errors": {
      "version": "1.3.0",
      "resolved": "https://registry.npmjs.org/es-errors/-/es-errors-1.3.0.tgz",
      "integrity": "sha512-Zf5H2Kxt2xjTvbJvP2ZWLEICxA6j+hAmMzIlypy4xcBg1vKVnx89Wy0GbS+kf5cwCVFFzdCFh2XSCFNULS6csw==",
      "license": "MIT",
      "engines": {
        "node": ">= 0.4"
      }
    },
    "node_modules/estree-walker": {
      "version": "2.0.2",
      "resolved": "https://registry.npmjs.org/estree-walker/-/estree-walker-2.0.2.tgz",
      "integrity": "sha512-Rfkk/Mp/DL7JVje3u18FxFujQlTNR2q6QfMSMB7AvCBx91NGj/ba3kCfza0f6dVDbw7YlRf/nDrn7pQrCCyQ/w==",
      "license": "MIT"
    },
    "node_modules/fsevents": {
      "version": "2.3.3",
      "resolved": "https://registry.npmjs.org/fsevents/-/fsevents-2.3.3.tgz",
      "integrity": "sha512-5xoDfX+fL7faATnagmWPpbFtwh/R77WmMMqqHGS65C3vvB0YHrgF+B1YmZ3441tMj5n63k0212XNoJwzlhffQw==",
      "hasInstallScript": true,
      "license": "MIT",
      "optional": true,
      "os": [
        "darwin"
      ],
      "engines": {
        "node": "^8.16.0 || ^10.6.0 || >=11.0.0"
      }
    },
    "node_modules/function-bind": {
      "version": "1.1.2",
      "resolved": "https://registry.npmjs.org/function-bind/-/function-bind-1.1.2.tgz",
      "integrity": "sha512-7XHNxH7qX9xG5mIwxkhumTox/MIRNcOgDrxWsMt2pAr23WHp6MrRlN7FBSFpCpr+oVO0F744iUgR82nJMfG2SA==",
      "license": "MIT",
      "funding": {
        "url": "https://github.com/sponsors/ljharb"
      }
    },
    "node_modules/hasown": {
      "version": "2.0.3",
      "resolved": "https://registry.npmjs.org/hasown/-/hasown-2.0.3.tgz",
      "integrity": "sha512-ej4AhfhfL2Q2zpMmLo7U1Uv9+PyhIZpgQLGT1F9miIGmiCJIoCgSmczFdrc97mWT4kVY72KA+WnnhJ5pghSvSg==",
      "license": "MIT",
      "dependencies": {
        "function-bind": "^1.1.2"
      },
      "engines": {
        "node": ">= 0.4"
      }
    },
    "node_modules/is-core-module": {
      "version": "2.16.2",
      "resolved": "https://registry.npmjs.org/is-core-module/-/is-core-module-2.16.2.tgz",
      "integrity": "sha512-evOr8xfXKxE6qSR0hSXL2r3sd7ALj8+7jQEUvPYcm5sgZFdJ+AYzT6yNmJenvIYQBgIGwfwz08sL8zoL7yq2BA==",
      "license": "MIT",
      "dependencies": {
        "hasown": "^2.0.3"
      },
      "engines": {
        "node": ">= 0.4"
      },
      "funding": {
        "url": "https://github.com/sponsors/ljharb"
      }
    },
    "node_modules/is-module": {
      "version": "1.0.0",
      "resolved": "https://registry.npmjs.org/is-module/-/is-module-1.0.0.tgz",
      "integrity": "sha512-51ypPSPCoTEIN9dy5Oy+h4pShgJmPCygKfyRCISBI+JoWT/2oJvK8QPxmwv7b/p239jXrm9M1mlQbyKJ5A152g==",
      "license": "MIT"
    },
    "node_modules/path-parse": {
      "version": "1.0.7",
      "resolved": "https://registry.npmjs.org/path-parse/-/path-parse-1.0.7.tgz",
      "integrity": "sha512-LDJzPVEEEPR+y48z93A0Ed0yXb8pAByGWo/k5YYdYgpY2/2EsOsksJrq7lOHxryrVOn1ejG6oAp8ahvOIQD8sw==",
      "license": "MIT"
    },
    "node_modules/picomatch": {
      "version": "4.0.4",
      "resolved": "https://registry.npmjs.org/picomatch/-/picomatch-4.0.4.tgz",
      "integrity": "sha512-QP88BAKvMam/3NxH6vj2o21R6MjxZUAd6nlwAS/pnGvN9IVLocLHxGYIzFhg6fUQ+5th6P4dv4eW9jX3DSIj7A==",
      "license": "MIT",
      "engines": {
        "node": ">=12"
      },
      "funding": {
        "url": "https://github.com/sponsors/jonschlinkert"
      }
    },
    "node_modules/resolve": {
      "version": "1.22.12",
      "resolved": "https://registry.npmjs.org/resolve/-/resolve-1.22.12.tgz",
      "integrity": "sha512-TyeJ1zif53BPfHootBGwPRYT1RUt6oGWsaQr8UyZW/eAm9bKoijtvruSDEmZHm92CwS9nj7/fWttqPCgzep8CA==",
      "license": "MIT",
      "dependencies": {
        "es-errors": "^1.3.0",
        "is-core-module": "^2.16.1",
        "path-parse": "^1.0.7",
        "supports-preserve-symlinks-flag": "^1.0.0"
      },
      "bin": {
        "resolve": "bin/resolve"
      },
      "engines": {
        "node": ">= 0.4"
      },
      "funding": {
        "url": "https://github.com/sponsors/ljharb"
      }
    },
    "node_modules/rollup": {
      "version": "4.60.3",
      "resolved": "https://registry.npmjs.org/rollup/-/rollup-4.60.3.tgz",
      "integrity": "sha512-pAQK9HalE84QSm4Po3EmWIZPd3FnjkShVkiMlz1iligWYkWQ7wHYd1PF/T7QZ5TVSD6uSTon5gBVMSM4JfBV+A==",
      "license": "MIT",
      "dependencies": {
        "@types/estree": "1.0.8"
      },
      "bin": {
        "rollup": "dist/bin/rollup"
      },
      "engines": {
        "node": ">=18.0.0",
        "npm": ">=8.0.0"
      },
      "optionalDependencies": {
        "@rollup/rollup-android-arm-eabi": "4.60.3",
        "@rollup/rollup-android-arm64": "4.60.3",
        "@rollup/rollup-darwin-arm64": "4.60.3",
        "@rollup/rollup-darwin-x64": "4.60.3",
        "@rollup/rollup-freebsd-arm64": "4.60.3",
        "@rollup/rollup-freebsd-x64": "4.60.3",
        "@rollup/rollup-linux-arm-gnueabihf": "4.60.3",
        "@rollup/rollup-linux-arm-musleabihf": "4.60.3",
        "@rollup/rollup-linux-arm64-gnu": "4.60.3",
        "@rollup/rollup-linux-arm64-musl": "4.60.3",
        "@rollup/rollup-linux-loong64-gnu": "4.60.3",
        "@rollup/rollup-linux-loong64-musl": "4.60.3",
        "@rollup/rollup-linux-ppc64-gnu": "4.60.3",
        "@rollup/rollup-linux-ppc64-musl": "4.60.3",
        "@rollup/rollup-linux-riscv64-gnu": "4.60.3",
        "@rollup/rollup-linux-riscv64-musl": "4.60.3",
        "@rollup/rollup-linux-s390x-gnu": "4.60.3",
        "@rollup/rollup-linux-x64-gnu": "4.60.3",
        "@rollup/rollup-linux-x64-musl": "4.60.3",
        "@rollup/rollup-openbsd-x64": "4.60.3",
        "@rollup/rollup-openharmony-arm64": "4.60.3",
        "@rollup/rollup-win32-arm64-msvc": "4.60.3",
        "@rollup/rollup-win32-ia32-msvc": "4.60.3",
        "@rollup/rollup-win32-x64-gnu": "4.60.3",
        "@rollup/rollup-win32-x64-msvc": "4.60.3",
        "fsevents": "~2.3.2"
      }
    },
    "node_modules/rollup/node_modules/@types/estree": {
      "version": "1.0.8",
      "resolved": "https://registry.npmjs.org/@types/estree/-/estree-1.0.8.tgz",
      "integrity": "sha512-dWHzHa2WqEXI/O1E9OjrocMTKJl2mSrEolh1Iomrv6U+JuNwaHXsXx9bLu5gG7BUWFIN0skIQJQ/L1rIex4X6w==",
      "license": "MIT"
    },
    "node_modules/serialize-javascript": {
      "version": "7.0.5",
      "resolved": "https://registry.npmjs.org/serialize-javascript/-/serialize-javascript-7.0.5.tgz",
      "integrity": "sha512-F4LcB0UqUl1zErq+1nYEEzSHJnIwb3AF2XWB94b+afhrekOUijwooAYqFyRbjYkm2PAKBabx6oYv/xDxNi8IBw==",
      "license": "BSD-3-Clause",
      "engines": {
        "node": ">=20.0.0"
      }
    },
    "node_modules/smob": {
      "version": "1.6.1",
      "resolved": "https://registry.npmjs.org/smob/-/smob-1.6.1.tgz",
      "integrity": "sha512-KAkBqZl3c2GvNgNhcoyJae1aKldDW0LO279wF9bk1PnluRTETKBq0WyzRXxEhoQLk56yHaOY4JCBEKDuJIET5g==",
      "license": "MIT",
      "engines": {
        "node": ">=20.0.0"
      }
    },
    "node_modules/source-map": {
      "version": "0.6.1",
      "resolved": "https://registry.npmjs.org/source-map/-/source-map-0.6.1.tgz",
      "integrity": "sha512-UjgapumWlbMhkBgzT7Ykc5YXUT46F0iKu8SGXq0bcwP5dz/h0Plj6enJqjz1Zbq2l5WaqYnrVbwWOWMyF3F47g==",
      "license": "BSD-3-Clause",
      "engines": {
        "node": ">=0.10.0"
      }
    },
    "node_modules/source-map-support": {
      "version": "0.5.21",
      "resolved": "https://registry.npmjs.org/source-map-support/-/source-map-support-0.5.21.tgz",
      "integrity": "sha512-uBHU3L3czsIyYXKX88fdrGovxdSCoTGDRZ6SYXtSRxLZUzHg5P/66Ht6uoUlHu9EZod+inXhKo3qQgwXUT/y1w==",
      "license": "MIT",
      "dependencies": {
        "buffer-from": "^1.0.0",
        "source-map": "^0.6.0"
      }
    },
    "node_modules/style-mod": {
      "version": "4.1.3",
      "resolved": "https://registry.npmjs.org/style-mod/-/style-mod-4.1.3.tgz",
      "integrity": "sha512-i/n8VsZydrugj3Iuzll8+x/00GH2vnYsk1eomD8QiRrSAeW6ItbCQDtfXCeJHd0iwiNagqjQkvpvREEPtW3IoQ==",
      "license": "MIT"
    },
    "node_modules/supports-preserve-symlinks-flag": {
      "version": "1.0.0",
      "resolved": "https://registry.npmjs.org/supports-preserve-symlinks-flag/-/supports-preserve-symlinks-flag-1.0.0.tgz",
      "integrity": "sha512-ot0WnXS9fgdkgIcePe6RHNk1WA8+muPa6cSjeR3V8K27q9BB1rTE3R1p7Hv0z1ZyAc8s6Vvv8DIyWf681MAt0w==",
      "license": "MIT",
      "engines": {
        "node": ">= 0.4"
      },
      "funding": {
        "url": "https://github.com/sponsors/ljharb"
      }
    },
    "node_modules/terser": {
      "version": "5.47.1",
      "resolved": "https://registry.npmjs.org/terser/-/terser-5.47.1.tgz",
      "integrity": "sha512-tPbLXTI6ohPASb/1YViL428oEHu6/qv1OxqYnfaonVCFHqx4+wCd95pHrQWsL5X4pl90CTyW9piSAsS2L0VoMw==",
      "license": "BSD-2-Clause",
      "dependencies": {
        "@jridgewell/source-map": "^0.3.3",
        "acorn": "^8.15.0",
        "commander": "^2.20.0",
        "source-map-support": "~0.5.20"
      },
      "bin": {
        "terser": "bin/terser"
      },
      "engines": {
        "node": ">=10"
      }
    },
    "node_modules/w3c-keyname": {
      "version": "2.2.8",
      "resolved": "https://registry.npmjs.org/w3c-keyname/-/w3c-keyname-2.2.8.tgz",
      "integrity": "sha512-dpojBhNsCNN7T82Tm7k26A6G9ML3NkhDsnw9n/eoxSRlVBB4CEtIQ/KTCLI2Fwf3ataSXRhYFkQi3SlnFwPvPQ==",
      "license": "MIT"
    }
  }
}
